
Microsoft Visual Studio Solution File, Format Version 12.00
# Visual Studio 15
VisualStudioVersion = 15.0.26228.9
MinimumVisualStudioVersion = 10.0.40219.1
Project("{9A19103F-16F7-4668-BE54-9A1E7A4F7556}") = "Server", "Server\Server.csproj", "{B2FF1785-5A13-4C27-ACA5-FB42141F298C}"
EndProject
Project("{9A19103F-16F7-4668-BE54-9A1E7A4F7556}") = "ConsoleClient", "ConsoleClient\ConsoleClient.csproj", "{25B457E2-C278-4344-A9BB-986CCCD88FE0}"
EndProject
Project("{9A19103F-16F7-4668-BE54-9A1E7A4F7556}") = "Contracts", "Contracts\Contracts.csproj", "{AD04AB84-E6A1-44F1-8775-CABFD367A02E}"
EndProject
Project("{FAE04EC0-301F-11D3-BF4B-00C04F79EFBC}") = "Service", "Service\Service.csproj", "{36FF525B-7283-46E2-8C79-36ABE44F00B5}"
EndProject
Global
	GlobalSection(SolutionConfigurationPlatforms) = preSolution
		Debug|Any CPU = Debug|Any CPU
		Release|Any CPU = Release|Any CPU
	EndGlobalSection
	GlobalSection(ProjectConfigurationPlatforms) = postSolution
		{B2FF1785-5A13-4C27-ACA5-FB42141F298C}.Debug|Any CPU.ActiveCfg = Debug|Any CPU
		{B2FF1785-5A13-4C27-ACA5-FB42141F298C}.Debug|Any CPU.Build.0 = Debug|Any CPU
		{B2FF1785-5A13-4C27-ACA5-FB42141F298C}.Release|Any CPU.ActiveCfg = Release|Any CPU
		{B2FF1785-5A13-4C27-ACA5-FB42141F298C}.Release|Any CPU.Build.0 = Release|Any CPU
		{25B457E2-C278-4344-A9BB-986CCCD88FE0}.Debug|Any CPU.ActiveCfg = Debug|Any CPU
		{25B457E2-C278-4344-A9BB-986CCCD88FE0}.Debug|Any CPU.Build.0 = Debug|Any CPU
		{25B457E2-C278-4344-A9BB-986CCCD88FE0}.Release|Any CPU.ActiveCfg = Release|Any CPU
		{25B457E2-C278-4344-A9BB-986CCCD88FE0}.Release|Any CPU.Build.0 = Release|Any CPU
		{AD04AB84-E6A1-44F1-8775-CABFD367A02E}.Debug|Any CPU.ActiveCfg = Debug|Any CPU
		{AD04AB84-E6A1-44F1-8775-CABFD367A02E}.Debug|Any CPU.Build.0 = Debug|Any CPU
		{AD04AB84-E6A1-44F1-8775-CABFD367A02E}.Release|Any CPU.ActiveCfg = Release|Any CPU
		{AD04AB84-E6A1-44F1-8775-CABFD367A02E}.Release|Any CPU.Build.0 = Release|Any CPU
		{36FF525B-7283-46E2-8C79-36ABE44F00B5}.Debug|Any CPU.ActiveCfg = Debug|Any CPU
		{36FF525B-7283-46E2-8C79-36ABE44F00B5}.Debug|Any CPU.Build.0 = Debug|Any CPU
		{36FF525B-7283-46E2-8C79-36ABE44F00B5}.Release|Any CPU.ActiveCfg = Release|Any CPU
		{36FF525B-7283-46E2-8C79-36ABE44F00B5}.Release|Any CPU.Build.0 = Release|Any CPU
	EndGlobalSection
	GlobalSection(SolutionProperties) = preSolution
		HideSolutionNode = FALSE
	EndGlobalSection
EndGlobal
